
Microsoft Visual Studio Solution File, Format Version 12.00
# Visual Studio Version 17
VisualStudioVersion = 17.5.002.0
MinimumVisualStudioVersion = 10.0.40219.1
Project("{9A19103F-16F7-4668-BE54-9A1E7A4F7556}") = "ASFinal", "ASFinal.csproj", "{8777C06D-1EA3-4711-85A7-C40E6B6ED096}"
EndProject
Global
	GlobalSection(SolutionConfigurationPlatforms) = preSolution
		Debug|Any CPU = Debug|Any CPU
		Release|Any CPU = Release|Any CPU
	EndGlobalSection
	GlobalSection(ProjectConfigurationPlatforms) = postSolution
		{8777C06D-1EA3-4711-85A7-C40E6B6ED096}.Debug|Any CPU.ActiveCfg = Debug|Any CPU
		{8777C06D-1EA3-4711-85A7-C40E6B6ED096}.Debug|Any CPU.Build.0 = Debug|Any CPU
		{8777C06D-1EA3-4711-85A7-C40E6B6ED096}.Release|Any CPU.ActiveCfg = Release|Any CPU
		{8777C06D-1EA3-4711-85A7-C40E6B6ED096}.Release|Any CPU.Build.0 = Release|Any CPU
	EndGlobalSection
	GlobalSection(SolutionProperties) = preSolution
		HideSolutionNode = FALSE
	EndGlobalSection
	GlobalSection(ExtensibilityGlobals) = postSolution
		SolutionGuid = {148F88F0-4630-4C8E-9AB8-CAF17263A482}
	EndGlobalSection
EndGlobal
